// !$*UTF8*$!
{
	archiveVersion = 1;
	classes = {
	};
	objectVersion = 56;
	objects = {

/* Begin PBXBuildFile section */
		265552882931BCBE00DBCEEA /* MTGinOneApp.swift in Sources */ = {isa = PBXBuildFile; fileRef = 265552872931BCBE00DBCEEA /* MTGinOneApp.swift */; };
		2655528A2931BCBE00DBCEEA /* ContentView.swift in Sources */ = {isa = PBXBuildFile; fileRef = 265552892931BCBE00DBCEEA /* ContentView.swift */; };
		2655528C2931BCBE00DBCEEA /* Assets.xcassets in Resources */ = {isa = PBXBuildFile; fileRef = 2655528B2931BCBE00DBCEEA /* Assets.xcassets */; };
		265552902931BCBE00DBCEEA /* Preview Assets.xcassets in Resources */ = {isa = PBXBuildFile; fileRef = 2655528F2931BCBE00DBCEEA /* Preview Assets.xcassets */; };
		2655529A2931BCBF00DBCEEA /* MTGinOneTests.swift in Sources */ = {isa = PBXBuildFile; fileRef = 265552992931BCBF00DBCEEA /* MTGinOneTests.swift */; };
		265552A42931BCBF00DBCEEA /* MTGinOneUITests.swift in Sources */ = {isa = PBXBuildFile; fileRef = 265552A32931BCBF00DBCEEA /* MTGinOneUITests.swift */; };
		265552A62931BCBF00DBCEEA /* MTGinOneUITestsLaunchTests.swift in Sources */ = {isa = PBXBuildFile; fileRef = 265552A52931BCBF00DBCEEA /* MTGinOneUITestsLaunchTests.swift */; };
/* End PBXBuildFile section */

/* Begin PBXContainerItemProxy section */
		265552962931BCBF00DBCEEA /* PBXContainerItemProxy */ = {
			isa = PBXContainerItemProxy;
			containerPortal = 2655527C2931BCBE00DBCEEA /* Project object */;
			proxyType = 1;
			remoteGlobalIDString = 265552832931BCBE00DBCEEA;
			remoteInfo = MTGinOne;
		};
		265552A02931BCBF00DBCEEA /* PBXContainerItemProxy */ = {
			isa = PBXContainerItemProxy;
			containerPortal = 2655527C2931BCBE00DBCEEA /* Project object */;
			proxyType = 1;
			remoteGlobalIDString = 265552832931BCBE00DBCEEA;
			remoteInfo = MTGinOne;
		};
/* End PBXContainerItemProxy section */

/* Begin PBXFileReference section */
		265552842931BCBE00DBCEEA /* MTGinOne.app */ = {isa = PBXFileReference; explicitFileType = wrapper.application; includeInIndex = 0; path = MTGinOne.app; sourceTree = BUILT_PRODUCTS_DIR; };
		265552872931BCBE00DBCEEA /* MTGinOneApp.swift */ = {isa = PBXFileReference; lastKnownFileType = sourcecode.swift; path = MTGinOneApp.swift; sourceTree = "<group>"; };
		265552892931BCBE00DBCEEA /* ContentView.swift */ = {isa = PBXFileReference; lastKnownFileType = sourcecode.swift; path = ContentView.swift; sourceTree = "<group>"; };
		2655528B2931BCBE00DBCEEA /* Assets.xcassets */ = {isa = PBXFileReference; lastKnownFileType = folder.assetcatalog; path = Assets.xcassets; sourceTree = "<group>"; };
		2655528D2931BCBE00DBCEEA /* MTGinOne.entitlements */ = {isa = PBXFileReference; lastKnownFileType = text.plist.entitlements; path = MTGinOne.entitlements; sourceTree = "<group>"; };
		2655528F2931BCBE00DBCEEA /* Preview Assets.xcassets */ = {isa = PBXFileReference; lastKnownFileType = folder.assetcatalog; path = "Preview Assets.xcassets"; sourceTree = "<group>"; };
		265552952931BCBF00DBCEEA /* MTGinOneTests.xctest */ = {isa = PBXFileReference; explicitFileType = wrapper.cfbundle; includeInIndex = 0; path = MTGinOneTests.xctest; sourceTree = BUILT_PRODUCTS_DIR; };
		265552992931BCBF00DBCEEA /* MTGinOneTests.swift */ = {isa = PBXFileReference; lastKnownFileType = sourcecode.swift; path = MTGinOneTests.swift; sourceTree = "<group>"; };
		2655529F2931BCBF00DBCEEA /* MTGinOneUITests.xctest */ = {isa = PBXFileReference; explicitFileType = wrapper.cfbundle; includeInIndex = 0; path = MTGinOneUITests.xctest; sourceTree = BUILT_PRODUCTS_DIR; };
		265552A32931BCBF00DBCEEA /* MTGinOneUITests.swift */ = {isa = PBXFileReference; lastKnownFileType = sourcecode.swift; path = MTGinOneUITests.swift; sourceTree = "<group>"; };
		265552A52931BCBF00DBCEEA /* MTGinOneUITestsLaunchTests.swift */ = {isa = PBXFileReference; lastKnownFileType = sourcecode.swift; path = MTGinOneUITestsLaunchTests.swift; sourceTree = "<group>"; };
/* End PBXFileReference section */

/* Begin PBXFrameworksBuildPhase section */
		265552812931BCBE00DBCEEA /* Frameworks */ = {
			isa = PBXFrameworksBuildPhase;
			buildActionMask = 2147483647;
			files = (
			);
			runOnlyForDeploymentPostprocessing = 0;
		};
		265552922931BCBF00DBCEEA /* Frameworks */ = {
			isa = PBXFrameworksBuildPhase;
			buildActionMask = 2147483647;
			files = (
			);
			runOnlyForDeploymentPostprocessing = 0;
		};
		2655529C2931BCBF00DBCEEA /* Frameworks */ = {
			isa = PBXFrameworksBuildPhase;
			buildActionMask = 2147483647;
			files = (
			);
			runOnlyForDeploymentPostprocessing = 0;
		};
/* End PBXFrameworksBuildPhase section */

/* Begin PBXGroup section */
		2655527B2931BCBE00DBCEEA = {
			isa = PBXGroup;
			children = (
				265552862931BCBE00DBCEEA /* MTGinOne */,
				265552982931BCBF00DBCEEA /* MTGinOneTests */,
				265552A22931BCBF00DBCEEA /* MTGinOneUITests */,
				265552852931BCBE00DBCEEA /* Products */,
			);
			sourceTree = "<group>";
		};
		265552852931BCBE00DBCEEA /* Products */ = {
			isa = PBXGroup;
			children = (
				265552842931BCBE00DBCEEA /* MTGinOne.app */,
				265552952931BCBF00DBCEEA /* MTGinOneTests.xctest */,
				2655529F2931BCBF00DBCEEA /* MTGinOneUITests.xctest */,
			);
			name = Products;
			sourceTree = "<group>";
		};
		265552862931BCBE00DBCEEA /* MTGinOne */ = {
			isa = PBXGroup;
			children = (
				265552872931BCBE00DBCEEA /* MTGinOneApp.swift */,
				265552892931BCBE00DBCEEA /* ContentView.swift */,
				2655528B2931BCBE00DBCEEA /* Assets.xcassets */,
				2655528D2931BCBE00DBCEEA /* MTGinOne.entitlements */,
				2655528E2931BCBE00DBCEEA /* Preview Content */,
			);
			path = MTGinOne;
			sourceTree = "<group>";
		};
		2655528E2931BCBE00DBCEEA /* Preview Content */ = {
			isa = PBXGroup;
			children = (
				2655528F2931BCBE00DBCEEA /* Preview Assets.xcassets */,
			);
			path = "Preview Content";
			sourceTree = "<group>";
		};
		265552982931BCBF00DBCEEA /* MTGinOneTests */ = {
			isa = PBXGroup;
			children = (
				265552992931BCBF00DBCEEA /* MTGinOneTests.swift */,
			);
			path = MTGinOneTests;
			sourceTree = "<group>";
		};
		265552A22931BCBF00DBCEEA /* MTGinOneUITests */ = {
			isa = PBXGroup;
			children = (
				265552A32931BCBF00DBCEEA /* MTGinOneUITests.swift */,
				265552A52931BCBF00DBCEEA /* MTGinOneUITestsLaunchTests.swift */,
			);
			path = MTGinOneUITests;
			sourceTree = "<group>";
		};
/* End PBXGroup section */

/* Begin PBXNativeTarget section */
		265552832931BCBE00DBCEEA /* MTGinOne */ = {
			isa = PBXNativeTarget;
			buildConfigurationList = 265552A92931BCBF00DBCEEA /* Build configuration list for PBXNativeTarget "MTGinOne" */;
			buildPhases = (
				265552802931BCBE00DBCEEA /* Sources */,
				265552812931BCBE00DBCEEA /* Frameworks */,
				265552822931BCBE00DBCEEA /* Resources */,
			);
			buildRules = (
			);
			dependencies = (
			);
			name = MTGinOne;
			productName = MTGinOne;
			productReference = 265552842931BCBE00DBCEEA /* MTGinOne.app */;
			productType = "com.apple.product-type.application";
		};
		265552942931BCBF00DBCEEA /* MTGinOneTests */ = {
			isa = PBXNativeTarget;
			buildConfigurationList = 265552AC2931BCBF00DBCEEA /* Build configuration list for PBXNativeTarget "MTGinOneTests" */;
			buildPhases = (
				265552912931BCBF00DBCEEA /* Sources */,
				265552922931BCBF00DBCEEA /* Frameworks */,
				265552932931BCBF00DBCEEA /* Resources */,
			);
			buildRules = (
			);
			dependencies = (
				265552972931BCBF00DBCEEA /* PBXTargetDependency */,
			);
			name = MTGinOneTests;
			productName = MTGinOneTests;
			productReference = 265552952931BCBF00DBCEEA /* MTGinOneTests.xctest */;
			productType = "com.apple.product-type.bundle.unit-test";
		};
		2655529E2931BCBF00DBCEEA /* MTGinOneUITests */ = {
			isa = PBXNativeTarget;
			buildConfigurationList = 265552AF2931BCBF00DBCEEA /* Build configuration list for PBXNativeTarget "MTGinOneUITests" */;
			buildPhases = (
				2655529B2931BCBF00DBCEEA /* Sources */,
				2655529C2931BCBF00DBCEEA /* Frameworks */,
				2655529D2931BCBF00DBCEEA /* Resources */,
			);
			buildRules = (
			);
			dependencies = (
				265552A12931BCBF00DBCEEA /* PBXTargetDependency */,
			);
			name = MTGinOneUITests;
			productName = MTGinOneUITests;
			productReference = 2655529F2931BCBF00DBCEEA /* MTGinOneUITests.xctest */;
			productType = "com.apple.product-type.bundle.ui-testing";
		};
/* End PBXNativeTarget section */

/* Begin PBXProject section */
		2655527C2931BCBE00DBCEEA /* Project object */ = {
			isa = PBXProject;
			attributes = {
				BuildIndependentTargetsInParallel = 1;
				LastSwiftUpdateCheck = 1410;
				LastUpgradeCheck = 1410;
				TargetAttributes = {
					265552832931BCBE00DBCEEA = {
						CreatedOnToolsVersion = 14.1;
					};
					265552942931BCBF00DBCEEA = {
						CreatedOnToolsVersion = 14.1;
						TestTargetID = 265552832931BCBE00DBCEEA;
					};
					2655529E2931BCBF00DBCEEA = {
						CreatedOnToolsVersion = 14.1;
						TestTargetID = 265552832931BCBE00DBCEEA;
					};
				};
			};
			buildConfigurationList = 2655527F2931BCBE00DBCEEA /* Build configuration list for PBXProject "MTGinOne" */;
			compatibilityVersion = "Xcode 14.0";
			developmentRegion = en;
			hasScannedForEncodings = 0;
			knownRegions = (
				en,
				Base,
			);
			mainGroup = 2655527B2931BCBE00DBCEEA;
			productRefGroup = 265552852931BCBE00DBCEEA /* Products */;
			projectDirPath = "";
			projectRoot = "";
			targets = (
				265552832931BCBE00DBCEEA /* MTGinOne */,
				265552942931BCBF00DBCEEA /* MTGinOneTests */,
				2655529E2931BCBF00DBCEEA /* MTGinOneUITests */,
			);
		};
/* End PBXProject section */

/* Begin PBXResourcesBuildPhase section */
		265552822931BCBE00DBCEEA /* Resources */ = {
			isa = PBXResourcesBuildPhase;
			buildActionMask = 2147483647;
			files = (
				265552902931BCBE00DBCEEA /* Preview Assets.xcassets in Resources */,
				2655528C2931BCBE00DBCEEA /* Assets.xcassets in Resources */,
			);
			runOnlyForDeploymentPostprocessing = 0;
		};
		265552932931BCBF00DBCEEA /* Resources */ = {
			isa = PBXResourcesBuildPhase;
			buildActionMask = 2147483647;
			files = (
			);
			runOnlyForDeploymentPostprocessing = 0;
		};
		2655529D2931BCBF00DBCEEA /* Resources */ = {
			isa = PBXResourcesBuildPhase;
			buildActionMask = 2147483647;
			files = (
			);
			runOnlyForDeploymentPostprocessing = 0;
		};
/* End PBXResourcesBuildPhase section */

/* Begin PBXSourcesBuildPhase section */
		265552802931BCBE00DBCEEA /* Sources */ = {
			isa = PBXSourcesBuildPhase;
			buildActionMask = 2147483647;
			files = (
				2655528A2931BCBE00DBCEEA /* ContentView.swift in Sources */,
				265552882931BCBE00DBCEEA /* MTGinOneApp.swift in Sources */,
			);
			runOnlyForDeploymentPostprocessing = 0;
		};
		265552912931BCBF00DBCEEA /* Sources */ = {
			isa = PBXSourcesBuildPhase;
			buildActionMask = 2147483647;
			files = (
				2655529A2931BCBF00DBCEEA /* MTGinOneTests.swift in Sources */,
			);
			runOnlyForDeploymentPostprocessing = 0;
		};
		2655529B2931BCBF00DBCEEA /* Sources */ = {
			isa = PBXSourcesBuildPhase;
			buildActionMask = 2147483647;
			files = (
				265552A62931BCBF00DBCEEA /* MTGinOneUITestsLaunchTests.swift in Sources */,
				265552A42931BCBF00DBCEEA /* MTGinOneUITests.swift in Sources */,
			);
			runOnlyForDeploymentPostprocessing = 0;
		};
/* End PBXSourcesBuildPhase section */

/* Begin PBXTargetDependency section */
		265552972931BCBF00DBCEEA /* PBXTargetDependency */ = {
			isa = PBXTargetDependency;
			target = 265552832931BCBE00DBCEEA /* MTGinOne */;
			targetProxy = 265552962931BCBF00DBCEEA /* PBXContainerItemProxy */;
		};
		265552A12931BCBF00DBCEEA /* PBXTargetDependency */ = {
			isa = PBXTargetDependency;
			target = 265552832931BCBE00DBCEEA /* MTGinOne */;
			targetProxy = 265552A02931BCBF00DBCEEA /* PBXContainerItemProxy */;
		};
/* End PBXTargetDependency section */

/* Begin XCBuildConfiguration section */
		265552A72931BCBF00DBCEEA /* Debug */ = {
			isa = XCBuildConfiguration;
			buildSettings = {
				ALWAYS_SEARCH_USER_PATHS = NO;
				CLANG_ANALYZER_NONNULL = YES;
				CLANG_ANALYZER_NUMBER_OBJECT_CONVERSION = YES_AGGRESSIVE;
				CLANG_CXX_LANGUAGE_STANDARD = "gnu++20";
				CLANG_ENABLE_MODULES = YES;
				CLANG_ENABLE_OBJC_ARC = YES;
				CLANG_ENABLE_OBJC_WEAK = YES;
				CLANG_WARN_BLOCK_CAPTURE_AUTORELEASING = YES;
				CLANG_WARN_BOOL_CONVERSION = YES;
				CLANG_WARN_COMMA = YES;
				CLANG_WARN_CONSTANT_CONVERSION = YES;
				CLANG_WARN_DEPRECATED_OBJC_IMPLEMENTATIONS = YES;
				CLANG_WARN_DIRECT_OBJC_ISA_USAGE = YES_ERROR;
				CLANG_WARN_DOCUMENTATION_COMMENTS = YES;
				CLANG_WARN_EMPTY_BODY = YES;
				CLANG_WARN_ENUM_CONVERSION = YES;
				CLANG_WARN_INFINITE_RECURSION = YES;
				CLANG_WARN_INT_CONVERSION = YES;
				CLANG_WARN_NON_LITERAL_NULL_CONVERSION = YES;
				CLANG_WARN_OBJC_IMPLICIT_RETAIN_SELF = YES;
				CLANG_WARN_OBJC_LITERAL_CONVERSION = YES;
				CLANG_WARN_OBJC_ROOT_CLASS = YES_ERROR;
				CLANG_WARN_QUOTED_INCLUDE_IN_FRAMEWORK_HEADER = YES;
				CLANG_WARN_RANGE_LOOP_ANALYSIS = YES;
				CLANG_WARN_STRICT_PROTOTYPES = YES;
				CLANG_WARN_SUSPICIOUS_MOVE = YES;
				CLANG_WARN_UNGUARDED_AVAILABILITY = YES_AGGRESSIVE;
				CLANG_WARN_UNREACHABLE_CODE = YES;
				CLANG_WARN__DUPLICATE_METHOD_MATCH = YES;
				COPY_PHASE_STRIP = NO;
				DEBUG_INFORMATION_FORMAT = dwarf;
				ENABLE_STRICT_OBJC_MSGSEND = YES;
				ENABLE_TESTABILITY = YES;
				GCC_C_LANGUAGE_STANDARD = gnu11;
				GCC_DYNAMIC_NO_PIC = NO;
				GCC_NO_COMMON_BLOCKS = YES;
				GCC_OPTIMIZATION_LEVEL = 0;
				GCC_PREPROCESSOR_DEFINITIONS = (
					"DEBUG=1",
					"$(inherited)",
				);
				GCC_WARN_64_TO_32_BIT_CONVERSION = YES;
				GCC_WARN_ABOUT_RETURN_TYPE = YES_ERROR;
				GCC_WARN_UNDECLARED_SELECTOR = YES;
				GCC_WARN_UNINITIALIZED_AUTOS = YES_AGGRESSIVE;
				GCC_WARN_UNUSED_FUNCTION = YES;
				GCC_WARN_UNUSED_VARIABLE = YES;
				MTL_ENABLE_DEBUG_INFO = INCLUDE_SOURCE;
				MTL_FAST_MATH = YES;
				ONLY_ACTIVE_ARCH = YES;
				SWIFT_ACTIVE_COMPILATION_CONDITIONS = DEBUG;
				SWIFT_OPTIMIZATION_LEVEL = "-Onone";
			};
			name = Debug;
		};
		265552A82931BCBF00DBCEEA /* Release */ = {
			isa = XCBuildConfiguration;
			buildSettings = {
				ALWAYS_SEARCH_USER_PATHS = NO;
				CLANG_ANALYZER_NONNULL = YES;
				CLANG_ANALYZER_NUMBER_OBJECT_CONVERSION = YES_AGGRESSIVE;
				CLANG_CXX_LANGUAGE_STANDARD = "gnu++20";
				CLANG_ENABLE_MODULES = YES;
				CLANG_ENABLE_OBJC_ARC = YES;
				CLANG_ENABLE_OBJC_WEAK = YES;
				CLANG_WARN_BLOCK_CAPTURE_AUTORELEASING = YES;
				CLANG_WARN_BOOL_CONVERSION = YES;
				CLANG_WARN_COMMA = YES;
				CLANG_WARN_CONSTANT_CONVERSION = YES;
				CLANG_WARN_DEPRECATED_OBJC_IMPLEMENTATIONS = YES;
				CLANG_WARN_DIRECT_OBJC_ISA_USAGE = YES_ERROR;
				CLANG_WARN_DOCUMENTATION_COMMENTS = YES;
				CLANG_WARN_EMPTY_BODY = YES;
				CLANG_WARN_ENUM_CONVERSION = YES;
				CLANG_WARN_INFINITE_RECURSION = YES;
				CLANG_WARN_INT_CONVERSION = YES;
				CLANG_WARN_NON_LITERAL_NULL_CONVERSION = YES;
				CLANG_WARN_OBJC_IMPLICIT_RETAIN_SELF = YES;
				CLANG_WARN_OBJC_LITERAL_CONVERSION = YES;
				CLANG_WARN_OBJC_ROOT_CLASS = YES_ERROR;
				CLANG_WARN_QUOTED_INCLUDE_IN_FRAMEWORK_HEADER = YES;
				CLANG_WARN_RANGE_LOOP_ANALYSIS = YES;
				CLANG_WARN_STRICT_PROTOTYPES = YES;
				CLANG_WARN_SUSPICIOUS_MOVE = YES;
				CLANG_WARN_UNGUARDED_AVAILABILITY = YES_AGGRESSIVE;
				CLANG_WARN_UNREACHABLE_CODE = YES;
				CLANG_WARN__DUPLICATE_METHOD_MATCH = YES;
				COPY_PHASE_STRIP = NO;
				DEBUG_INFORMATION_FORMAT = "dwarf-with-dsym";
				ENABLE_NS_ASSERTIONS = NO;
				ENABLE_STRICT_OBJC_MSGSEND = YES;
				GCC_C_LANGUAGE_STANDARD = gnu11;
				GCC_NO_COMMON_BLOCKS = YES;
				GCC_WARN_64_TO_32_BIT_CONVERSION = YES;
				GCC_WARN_ABOUT_RETURN_TYPE = YES_ERROR;
				GCC_WARN_UNDECLARED_SELECTOR = YES;
				GCC_WARN_UNINITIALIZED_AUTOS = YES_AGGRESSIVE;
				GCC_WARN_UNUSED_FUNCTION = YES;
				GCC_WARN_UNUSED_VARIABLE = YES;
				MTL_ENABLE_DEBUG_INFO = NO;
				MTL_FAST_MATH = YES;
				SWIFT_COMPILATION_MODE = wholemodule;
				SWIFT_OPTIMIZATION_LEVEL = "-O";
			};
			name = Release;
		};
		265552AA2931BCBF00DBCEEA /* Debug */ = {
			isa = XCBuildConfiguration;
			buildSettings = {
				ASSETCATALOG_COMPILER_APPICON_NAME = AppIcon;
				ASSETCATALOG_COMPILER_GLOBAL_ACCENT_COLOR_NAME = AccentColor;
				CODE_SIGN_ENTITLEMENTS = MTGinOne/MTGinOne.entitlements;
				CODE_SIGN_STYLE = Automatic;
				CURRENT_PROJECT_VERSION = 1;
				DEVELOPMENT_ASSET_PATHS = "\"MTGinOne/Preview Content\"";
				ENABLE_PREVIEWS = YES;
				GENERATE_INFOPLIST_FILE = YES;
				"INFOPLIST_KEY_UIApplicationSceneManifest_Generation[sdk=iphoneos*]" = YES;
				"INFOPLIST_KEY_UIApplicationSceneManifest_Generation[sdk=iphonesimulator*]" = YES;
				"INFOPLIST_KEY_UIApplicationSupportsIndirectInputEvents[sdk=iphoneos*]" = YES;
				"INFOPLIST_KEY_UIApplicationSupportsIndirectInputEvents[sdk=iphonesimulator*]" = YES;
				"INFOPLIST_KEY_UILaunchScreen_Generation[sdk=iphoneos*]" = YES;
				"INFOPLIST_KEY_UILaunchScreen_Generation[sdk=iphonesimulator*]" = YES;
				"INFOPLIST_KEY_UIStatusBarStyle[sdk=iphoneos*]" = UIStatusBarStyleDefault;
				"INFOPLIST_KEY_UIStatusBarStyle[sdk=iphonesimulator*]" = UIStatusBarStyleDefault;
				INFOPLIST_KEY_UISupportedInterfaceOrientations_iPad = "UIInterfaceOrientationPortrait UIInterfaceOrientationPortraitUpsideDown UIInterfaceOrientationLandscapeLeft UIInterfaceOrientationLandscapeRight";
				INFOPLIST_KEY_UISupportedInterfaceOrientations_iPhone = "UIInterfaceOrientationPortrait UIInterfaceOrientationLandscapeLeft UIInterfaceOrientationLandscapeRight";
				IPHONEOS_DEPLOYMENT_TARGET = 16.1;
				LD_RUNPATH_SEARCH_PATHS = "@executable_path/Frameworks";
				"LD_RUNPATH_SEARCH_PATHS[sdk=macosx*]" = "@executable_path/../Frameworks";
				MACOSX_DEPLOYMENT_TARGET = 13.0;
				MARKETING_VERSION = 1.0;
				PRODUCT_BUNDLE_IDENTIFIER = Koikesan.MTGinOne;
				PRODUCT_NAME = "$(TARGET_NAME)";
				SDKROOT = auto;
				SUPPORTED_PLATFORMS = "iphoneos iphonesimulator macosx";
				SWIFT_EMIT_LOC_STRINGS = YES;
				SWIFT_VERSION = 5.0;
				TARGETED_DEVICE_FAMILY = "1,2";
			};
			name = Debug;
		};
		265552AB2931BCBF00DBCEEA /* Release */ = {
			isa = XCBuildConfiguration;
			buildSettings = {
				ASSETCATALOG_COMPILER_APPICON_NAME = AppIcon;
				ASSETCATALOG_COMPILER_GLOBAL_ACCENT_COLOR_NAME = AccentColor;
				CODE_SIGN_ENTITLEMENTS = MTGinOne/MTGinOne.entitlements;
				CODE_SIGN_STYLE = Automatic;
				CURRENT_PROJECT_VERSION = 1;
				DEVELOPMENT_ASSET_PATHS = "\"MTGinOne/Preview Content\"";
				ENABLE_PREVIEWS = YES;
				GENERATE_INFOPLIST_FILE = YES;
				"INFOPLIST_KEY_UIApplicationSceneManifest_Generation[sdk=iphoneos*]" = YES;
				"INFOPLIST_KEY_UIApplicationSceneManifest_Generation[sdk=iphonesimulator*]" = YES;
				"INFOPLIST_KEY_UIApplicationSupportsIndirectInputEvents[sdk=iphoneos*]" = YES;
				"INFOPLIST_KEY_UIApplicationSupportsIndirectInputEvents[sdk=iphonesimulator*]" = YES;
				"INFOPLIST_KEY_UILaunchScreen_Generation[sdk=iphoneos*]" = YES;
				"INFOPLIST_KEY_UILaunchScreen_Generation[sdk=iphonesimulator*]" = YES;
				"INFOPLIST_KEY_UIStatusBarStyle[sdk=iphoneos*]" = UIStatusBarStyleDefault;
				"INFOPLIST_KEY_UIStatusBarStyle[sdk=iphonesimulator*]" = UIStatusBarStyleDefault;
				INFOPLIST_KEY_UISupportedInterfaceOrientations_iPad = "UIInterfaceOrientationPortrait UIInterfaceOrientationPortraitUpsideDown UIInterfaceOrientationLandscapeLeft UIInterfaceOrientationLandscapeRight";
				INFOPLIST_KEY_UISupportedInterfaceOrientations_iPhone = "UIInterfaceOrientationPortrait UIInterfaceOrientationLandscapeLeft UIInterfaceOrientationLandscapeRight";
				IPHONEOS_DEPLOYMENT_TARGET = 16.1;
				LD_RUNPATH_SEARCH_PATHS = "@executable_path/Frameworks";
				"LD_RUNPATH_SEARCH_PATHS[sdk=macosx*]" = "@executable_path/../Frameworks";
				MACOSX_DEPLOYMENT_TARGET = 13.0;
				MARKETING_VERSION = 1.0;
				PRODUCT_BUNDLE_IDENTIFIER = Koikesan.MTGinOne;
				PRODUCT_NAME = "$(TARGET_NAME)";
				SDKROOT = auto;
				SUPPORTED_PLATFORMS = "iphoneos iphonesimulator macosx";
				SWIFT_EMIT_LOC_STRINGS = YES;
				SWIFT_VERSION = 5.0;
				TARGETED_DEVICE_FAMILY = "1,2";
			};
			name = Release;
		};
		265552AD2931BCBF00DBCEEA /* Debug */ = {
			isa = XCBuildConfiguration;
			buildSettings = {
				ALWAYS_EMBED_SWIFT_STANDARD_LIBRARIES = YES;
				BUNDLE_LOADER = "$(TEST_HOST)";
				CODE_SIGN_STYLE = Automatic;
				CURRENT_PROJECT_VERSION = 1;
				GENERATE_INFOPLIST_FILE = YES;
				IPHONEOS_DEPLOYMENT_TARGET = 16.1;
				MACOSX_DEPLOYMENT_TARGET = 13.0;
				MARKETING_VERSION = 1.0;
				PRODUCT_BUNDLE_IDENTIFIER = Koikesan.MTGinOneTests;
				PRODUCT_NAME = "$(TARGET_NAME)";
				SDKROOT = auto;
				SUPPORTED_PLATFORMS = "iphoneos iphonesimulator macosx";
				SWIFT_EMIT_LOC_STRINGS = NO;
				SWIFT_VERSION = 5.0;
				TARGETED_DEVICE_FAMILY = "1,2";
				TEST_HOST = "$(BUILT_PRODUCTS_DIR)/MTGinOne.app/$(BUNDLE_EXECUTABLE_FOLDER_PATH)/MTGinOne";
			};
			name = Debug;
		};
		265552AE2931BCBF00DBCEEA /* Release */ = {
			isa = XCBuildConfiguration;
			buildSettings = {
				ALWAYS_EMBED_SWIFT_STANDARD_LIBRARIES = YES;
				BUNDLE_LOADER = "$(TEST_HOST)";
				CODE_SIGN_STYLE = Automatic;
				CURRENT_PROJECT_VERSION = 1;
				GENERATE_INFOPLIST_FILE = YES;
				IPHONEOS_DEPLOYMENT_TARGET = 16.1;
				MACOSX_DEPLOYMENT_TARGET = 13.0;
				MARKETING_VERSION = 1.0;
				PRODUCT_BUNDLE_IDENTIFIER = Koikesan.MTGinOneTests;
				PRODUCT_NAME = "$(TARGET_NAME)";
				SDKROOT = auto;
				SUPPORTED_PLATFORMS = "iphoneos iphonesimulator macosx";
				SWIFT_EMIT_LOC_STRINGS = NO;
				SWIFT_VERSION = 5.0;
				TARGETED_DEVICE_FAMILY = "1,2";
				TEST_HOST = "$(BUILT_PRODUCTS_DIR)/MTGinOne.app/$(BUNDLE_EXECUTABLE_FOLDER_PATH)/MTGinOne";
			};
			name = Release;
		};
		265552B02931BCBF00DBCEEA /* Debug */ = {
			isa = XCBuildConfiguration;
			buildSettings = {
				ALWAYS_EMBED_SWIFT_STANDARD_LIBRARIES = YES;
				CODE_SIGN_STYLE = Automatic;
				CURRENT_PROJECT_VERSION = 1;
				GENERATE_INFOPLIST_FILE = YES;
				IPHONEOS_DEPLOYMENT_TARGET = 16.1;
				MACOSX_DEPLOYMENT_TARGET = 13.0;
				MARKETING_VERSION = 1.0;
				PRODUCT_BUNDLE_IDENTIFIER = Koikesan.MTGinOneUITests;
				PRODUCT_NAME = "$(TARGET_NAME)";
				SDKROOT = auto;
				SUPPORTED_PLATFORMS = "iphoneos iphonesimulator macosx";
				SWIFT_EMIT_LOC_STRINGS = NO;
				SWIFT_VERSION = 5.0;
				TARGETED_DEVICE_FAMILY = "1,2";
				TEST_TARGET_NAME = MTGinOne;
			};
			name = Debug;
		};
		265552B12931BCBF00DBCEEA /* Release */ = {
			isa = XCBuildConfiguration;
			buildSettings = {
				ALWAYS_EMBED_SWIFT_STANDARD_LIBRARIES = YES;
				CODE_SIGN_STYLE = Automatic;
				CURRENT_PROJECT_VERSION = 1;
				GENERATE_INFOPLIST_FILE = YES;
				IPHONEOS_DEPLOYMENT_TARGET = 16.1;
				MACOSX_DEPLOYMENT_TARGET = 13.0;
				MARKETING_VERSION = 1.0;
				PRODUCT_BUNDLE_IDENTIFIER = Koikesan.MTGinOneUITests;
				PRODUCT_NAME = "$(TARGET_NAME)";
				SDKROOT = auto;
				SUPPORTED_PLATFORMS = "iphoneos iphonesimulator macosx";
				SWIFT_EMIT_LOC_STRINGS = NO;
				SWIFT_VERSION = 5.0;
				TARGETED_DEVICE_FAMILY = "1,2";
				TEST_TARGET_NAME = MTGinOne;
			};
			name = Release;
		};
/* End XCBuildConfiguration section */

/* Begin XCConfigurationList section */
		2655527F2931BCBE00DBCEEA /* Build configuration list for PBXProject "MTGinOne" */ = {
			isa = XCConfigurationList;
			buildConfigurations = (
				265552A72931BCBF00DBCEEA /* Debug */,
				265552A82931BCBF00DBCEEA /* Release */,
			);
			defaultConfigurationIsVisible = 0;
			defaultConfigurationName = Release;
		};
		265552A92931BCBF00DBCEEA /* Build configuration list for PBXNativeTarget "MTGinOne" */ = {
			isa = XCConfigurationList;
			buildConfigurations = (
				265552AA2931BCBF00DBCEEA /* Debug */,
				265552AB2931BCBF00DBCEEA /* Release */,
			);
			defaultConfigurationIsVisible = 0;
			defaultConfigurationName = Release;
		};
		265552AC2931BCBF00DBCEEA /* Build configuration list for PBXNativeTarget "MTGinOneTests" */ = {
			isa = XCConfigurationList;
			buildConfigurations = (
				265552AD2931BCBF00DBCEEA /* Debug */,
				265552AE2931BCBF00DBCEEA /* Release */,
			);
			defaultConfigurationIsVisible = 0;
			defaultConfigurationName = Release;
		};
		265552AF2931BCBF00DBCEEA /* Build configuration list for PBXNativeTarget "MTGinOneUITests" */ = {
			isa = XCConfigurationList;
			buildConfigurations = (
				265552B02931BCBF00DBCEEA /* Debug */,
				265552B12931BCBF00DBCEEA /* Release */,
			);
			defaultConfigurationIsVisible = 0;
			defaultConfigurationName = Release;
		};
/* End XCConfigurationList section */
	};
	rootObject = 2655527C2931BCBE00DBCEEA /* Project object */;
}
